
Microsoft Visual Studio Solution File, Format Version 12.00
# Visual Studio Version 16
VisualStudioVersion = 16.0.29911.84
MinimumVisualStudioVersion = 10.0.40219.1
Project("{FAE04EC0-301F-11D3-BF4B-00C04F79EFBC}") = "Plugin.XamChatLabelDecoratorConverter", "XamChatLabelDecorator\Plugin.XamChatLabelDecoratorConverter.csproj", "{77AB92C3-98CC-4BD8-8EBA-3EBBE1E6A0FE}"
EndProject
Project("{FAE04EC0-301F-11D3-BF4B-00C04F79EFBC}") = "XamarinChatLabelDecorator.Android", "XamarinChatLabelDecorator\XamarinChatLabelDecorator.Android\XamarinChatLabelDecorator.Android.csproj", "{EBE65639-499E-4F1C-A309-B19F7EE49858}"
EndProject
Project("{FAE04EC0-301F-11D3-BF4B-00C04F79EFBC}") = "XamarinChatLabelDecorator.iOS", "XamarinChatLabelDecorator\XamarinChatLabelDecorator.iOS\XamarinChatLabelDecorator.iOS.csproj", "{2C0461B6-DB1B-409C-9133-0AD69807F046}"
EndProject
Project("{FAE04EC0-301F-11D3-BF4B-00C04F79EFBC}") = "XamarinChatLabelDecorator", "XamarinChatLabelDecorator\XamarinChatLabelDecorator\XamarinChatLabelDecorator.csproj", "{93C80A9E-FB16-40C4-B2F6-F2500178284C}"
EndProject
Global
	GlobalSection(SolutionConfigurationPlatforms) = preSolution
		Debug|Any CPU = Debug|Any CPU
		Debug|iPhone = Debug|iPhone
		Debug|iPhoneSimulator = Debug|iPhoneSimulator
		Release|Any CPU = Release|Any CPU
		Release|iPhone = Release|iPhone
		Release|iPhoneSimulator = Release|iPhoneSimulator
	EndGlobalSection
	GlobalSection(ProjectConfigurationPlatforms) = postSolution
		{77AB92C3-98CC-4BD8-8EBA-3EBBE1E6A0FE}.Debug|Any CPU.ActiveCfg = Debug|Any CPU
		{77AB92C3-98CC-4BD8-8EBA-3EBBE1E6A0FE}.Debug|Any CPU.Build.0 = Debug|Any CPU
		{77AB92C3-98CC-4BD8-8EBA-3EBBE1E6A0FE}.Debug|iPhone.ActiveCfg = Debug|Any CPU
		{77AB92C3-98CC-4BD8-8EBA-3EBBE1E6A0FE}.Debug|iPhone.Build.0 = Debug|Any CPU
		{77AB92C3-98CC-4BD8-8EBA-3EBBE1E6A0FE}.Debug|iPhoneSimulator.ActiveCfg = Debug|Any CPU
		{77AB92C3-98CC-4BD8-8EBA-3EBBE1E6A0FE}.Debug|iPhoneSimulator.Build.0 = Debug|Any CPU
		{77AB92C3-98CC-4BD8-8EBA-3EBBE1E6A0FE}.Release|Any CPU.ActiveCfg = Release|Any CPU
		{77AB92C3-98CC-4BD8-8EBA-3EBBE1E6A0FE}.Release|Any CPU.Build.0 = Release|Any CPU
		{77AB92C3-98CC-4BD8-8EBA-3EBBE1E6A0FE}.Release|iPhone.ActiveCfg = Release|Any CPU
		{77AB92C3-98CC-4BD8-8EBA-3EBBE1E6A0FE}.Release|iPhone.Build.0 = Release|Any CPU
		{77AB92C3-98CC-4BD8-8EBA-3EBBE1E6A0FE}.Release|iPhoneSimulator.ActiveCfg = Release|Any CPU
		{77AB92C3-98CC-4BD8-8EBA-3EBBE1E6A0FE}.Release|iPhoneSimulator.Build.0 = Release|Any CPU
		{EBE65639-499E-4F1C-A309-B19F7EE49858}.Debug|Any CPU.ActiveCfg = Debug|Any CPU
		{EBE65639-499E-4F1C-A309-B19F7EE49858}.Debug|Any CPU.Build.0 = Debug|Any CPU
		{EBE65639-499E-4F1C-A309-B19F7EE49858}.Debug|Any CPU.Deploy.0 = Debug|Any CPU
		{EBE65639-499E-4F1C-A309-B19F7EE49858}.Debug|iPhone.ActiveCfg = Debug|Any CPU
		{EBE65639-499E-4F1C-A309-B19F7EE49858}.Debug|iPhone.Build.0 = Debug|Any CPU
		{EBE65639-499E-4F1C-A309-B19F7EE49858}.Debug|iPhone.Deploy.0 = Debug|Any CPU
		{EBE65639-499E-4F1C-A309-B19F7EE49858}.Debug|iPhoneSimulator.ActiveCfg = Debug|Any CPU
		{EBE65639-499E-4F1C-A309-B19F7EE49858}.Debug|iPhoneSimulator.Build.0 = Debug|Any CPU
		{EBE65639-499E-4F1C-A309-B19F7EE49858}.Debug|iPhoneSimulator.Deploy.0 = Debug|Any CPU
		{EBE65639-499E-4F1C-A309-B19F7EE49858}.Release|Any CPU.ActiveCfg = Release|Any CPU
		{EBE65639-499E-4F1C-A309-B19F7EE49858}.Release|Any CPU.Build.0 = Release|Any CPU
		{EBE65639-499E-4F1C-A309-B19F7EE49858}.Release|Any CPU.Deploy.0 = Release|Any CPU
		{EBE65639-499E-4F1C-A309-B19F7EE49858}.Release|iPhone.ActiveCfg = Release|Any CPU
		{EBE65639-499E-4F1C-A309-B19F7EE49858}.Release|iPhone.Build.0 = Release|Any CPU
		{EBE65639-499E-4F1C-A309-B19F7EE49858}.Release|iPhone.Deploy.0 = Release|Any CPU
		{EBE65639-499E-4F1C-A309-B19F7EE49858}.Release|iPhoneSimulator.ActiveCfg = Release|Any CPU
		{EBE65639-499E-4F1C-A309-B19F7EE49858}.Release|iPhoneSimulator.Build.0 = Release|Any CPU
		{EBE65639-499E-4F1C-A309-B19F7EE49858}.Release|iPhoneSimulator.Deploy.0 = Release|Any CPU
		{2C0461B6-DB1B-409C-9133-0AD69807F046}.Debug|Any CPU.ActiveCfg = Debug|iPhone
		{2C0461B6-DB1B-409C-9133-0AD69807F046}.Debug|iPhone.ActiveCfg = Debug|iPhone
		{2C0461B6-DB1B-409C-9133-0AD69807F046}.Debug|iPhone.Build.0 = Debug|iPhone
		{2C0461B6-DB1B-409C-9133-0AD69807F046}.Debug|iPhoneSimulator.ActiveCfg = Debug|iPhoneSimulator
		{2C0461B6-DB1B-409C-9133-0AD69807F046}.Debug|iPhoneSimulator.Build.0 = Debug|iPhoneSimulator
		{2C0461B6-DB1B-409C-9133-0AD69807F046}.Release|Any CPU.ActiveCfg = Release|iPhone
		{2C0461B6-DB1B-409C-9133-0AD69807F046}.Release|iPhone.ActiveCfg = Release|iPhone
		{2C0461B6-DB1B-409C-9133-0AD69807F046}.Release|iPhone.Build.0 = Release|iPhone
		{2C0461B6-DB1B-409C-9133-0AD69807F046}.Release|iPhoneSimulator.ActiveCfg = Release|iPhoneSimulator
		{2C0461B6-DB1B-409C-9133-0AD69807F046}.Release|iPhoneSimulator.Build.0 = Release|iPhoneSimulator
		{93C80A9E-FB16-40C4-B2F6-F2500178284C}.Debug|Any CPU.ActiveCfg = Debug|Any CPU
		{93C80A9E-FB16-40C4-B2F6-F2500178284C}.Debug|Any CPU.Build.0 = Debug|Any CPU
		{93C80A9E-FB16-40C4-B2F6-F2500178284C}.Debug|iPhone.ActiveCfg = Debug|Any CPU
		{93C80A9E-FB16-40C4-B2F6-F2500178284C}.Debug|iPhone.Build.0 = Debug|Any CPU
		{93C80A9E-FB16-40C4-B2F6-F2500178284C}.Debug|iPhoneSimulator.ActiveCfg = Debug|Any CPU
		{93C80A9E-FB16-40C4-B2F6-F2500178284C}.Debug|iPhoneSimulator.Build.0 = Debug|Any CPU
		{93C80A9E-FB16-40C4-B2F6-F2500178284C}.Release|Any CPU.ActiveCfg = Release|Any CPU
		{93C80A9E-FB16-40C4-B2F6-F2500178284C}.Release|Any CPU.Build.0 = Release|Any CPU
		{93C80A9E-FB16-40C4-B2F6-F2500178284C}.Release|iPhone.ActiveCfg = Release|Any CPU
		{93C80A9E-FB16-40C4-B2F6-F2500178284C}.Release|iPhone.Build.0 = Release|Any CPU
		{93C80A9E-FB16-40C4-B2F6-F2500178284C}.Release|iPhoneSimulator.ActiveCfg = Release|Any CPU
		{93C80A9E-FB16-40C4-B2F6-F2500178284C}.Release|iPhoneSimulator.Build.0 = Release|Any CPU
	EndGlobalSection
	GlobalSection(SolutionProperties) = preSolution
		HideSolutionNode = FALSE
	EndGlobalSection
	GlobalSection(ExtensibilityGlobals) = postSolution
		SolutionGuid = {48ED2097-5ECB-4447-98B9-4C0FD0EAE7B1}
	EndGlobalSection
EndGlobal
